
Microsoft Visual Studio Solution File, Format Version 12.00
Project("{FAE04EC0-301F-11D3-BF4B-00C04F79EFBC}") = "ISun.Domain", "ISun.Domain\ISun.Domain.csproj", "{C8599A68-847B-4B81-B013-3A34CC85C790}"
EndProject
Project("{FAE04EC0-301F-11D3-BF4B-00C04F79EFBC}") = "ISun.Application", "ISun.Application\ISun.Application.csproj", "{A97341E7-1DA7-4AEC-B9DF-877CAFCE5F70}"
EndProject
Project("{FAE04EC0-301F-11D3-BF4B-00C04F79EFBC}") = "ISun.Infrastructure", "ISun.Infrastructure\ISun.Infrastructure.csproj", "{E170EBFD-6F8D-4FB8-830F-E737151BBEC2}"
EndProject
Project("{FAE04EC0-301F-11D3-BF4B-00C04F79EFBC}") = "ISun.ConsoleApplication", "ISun.ConsoleApplication\ISun.ConsoleApplication.csproj", "{D800E482-5487-4860-A213-C9F6D7270E0E}"
EndProject
Project("{FAE04EC0-301F-11D3-BF4B-00C04F79EFBC}") = "ISun.EndToEndTests", "ISun.EndToEndTests\ISun.EndToEndTests.csproj", "{15168317-340C-4AD0-B334-95044D9A32F2}"
EndProject
Project("{FAE04EC0-301F-11D3-BF4B-00C04F79EFBC}") = "ISun.IntegrationTests", "ISun.IntegrationTests\ISun.IntegrationTests.csproj", "{087417DE-12CF-4208-87FF-1C33C223E69D}"
EndProject
Global
	GlobalSection(SolutionConfigurationPlatforms) = preSolution
		Debug|Any CPU = Debug|Any CPU
		Release|Any CPU = Release|Any CPU
	EndGlobalSection
	GlobalSection(ProjectConfigurationPlatforms) = postSolution
		{C8599A68-847B-4B81-B013-3A34CC85C790}.Debug|Any CPU.ActiveCfg = Debug|Any CPU
		{C8599A68-847B-4B81-B013-3A34CC85C790}.Debug|Any CPU.Build.0 = Debug|Any CPU
		{C8599A68-847B-4B81-B013-3A34CC85C790}.Release|Any CPU.ActiveCfg = Release|Any CPU
		{C8599A68-847B-4B81-B013-3A34CC85C790}.Release|Any CPU.Build.0 = Release|Any CPU
		{A97341E7-1DA7-4AEC-B9DF-877CAFCE5F70}.Debug|Any CPU.ActiveCfg = Debug|Any CPU
		{A97341E7-1DA7-4AEC-B9DF-877CAFCE5F70}.Debug|Any CPU.Build.0 = Debug|Any CPU
		{A97341E7-1DA7-4AEC-B9DF-877CAFCE5F70}.Release|Any CPU.ActiveCfg = Release|Any CPU
		{A97341E7-1DA7-4AEC-B9DF-877CAFCE5F70}.Release|Any CPU.Build.0 = Release|Any CPU
		{E170EBFD-6F8D-4FB8-830F-E737151BBEC2}.Debug|Any CPU.ActiveCfg = Debug|Any CPU
		{E170EBFD-6F8D-4FB8-830F-E737151BBEC2}.Debug|Any CPU.Build.0 = Debug|Any CPU
		{E170EBFD-6F8D-4FB8-830F-E737151BBEC2}.Release|Any CPU.ActiveCfg = Release|Any CPU
		{E170EBFD-6F8D-4FB8-830F-E737151BBEC2}.Release|Any CPU.Build.0 = Release|Any CPU
		{D800E482-5487-4860-A213-C9F6D7270E0E}.Debug|Any CPU.ActiveCfg = Debug|Any CPU
		{D800E482-5487-4860-A213-C9F6D7270E0E}.Debug|Any CPU.Build.0 = Debug|Any CPU
		{D800E482-5487-4860-A213-C9F6D7270E0E}.Release|Any CPU.ActiveCfg = Release|Any CPU
		{D800E482-5487-4860-A213-C9F6D7270E0E}.Release|Any CPU.Build.0 = Release|Any CPU
		{15168317-340C-4AD0-B334-95044D9A32F2}.Debug|Any CPU.ActiveCfg = Debug|Any CPU
		{15168317-340C-4AD0-B334-95044D9A32F2}.Debug|Any CPU.Build.0 = Debug|Any CPU
		{15168317-340C-4AD0-B334-95044D9A32F2}.Release|Any CPU.ActiveCfg = Release|Any CPU
		{15168317-340C-4AD0-B334-95044D9A32F2}.Release|Any CPU.Build.0 = Release|Any CPU
		{087417DE-12CF-4208-87FF-1C33C223E69D}.Debug|Any CPU.ActiveCfg = Debug|Any CPU
		{087417DE-12CF-4208-87FF-1C33C223E69D}.Debug|Any CPU.Build.0 = Debug|Any CPU
		{087417DE-12CF-4208-87FF-1C33C223E69D}.Release|Any CPU.ActiveCfg = Release|Any CPU
		{087417DE-12CF-4208-87FF-1C33C223E69D}.Release|Any CPU.Build.0 = Release|Any CPU
	EndGlobalSection
EndGlobal
